
Microsoft Visual Studio Solution File, Format Version 12.00
# Visual Studio Version 16
VisualStudioVersion = 16.0.28803.156
MinimumVisualStudioVersion = 10.0.40219.1
Project("{FAE04EC0-301F-11D3-BF4B-00C04F79EFBC}") = "MatrixMultiplication", "MatrixMultiplication\MatrixMultiplication.csproj", "{ED160357-8A98-49CB-988D-5C6434104604}"
EndProject
Global
	GlobalSection(SolutionConfigurationPlatforms) = preSolution
		Debug|Any CPU = Debug|Any CPU
		Release|Any CPU = Release|Any CPU
	EndGlobalSection
	GlobalSection(ProjectConfigurationPlatforms) = postSolution
		{ED160357-8A98-49CB-988D-5C6434104604}.Debug|Any CPU.ActiveCfg = Debug|Any CPU
		{ED160357-8A98-49CB-988D-5C6434104604}.Debug|Any CPU.Build.0 = Debug|Any CPU
		{ED160357-8A98-49CB-988D-5C6434104604}.Release|Any CPU.ActiveCfg = Release|Any CPU
		{ED160357-8A98-49CB-988D-5C6434104604}.Release|Any CPU.Build.0 = Release|Any CPU
	EndGlobalSection
	GlobalSection(SolutionProperties) = preSolution
		HideSolutionNode = FALSE
	EndGlobalSection
	GlobalSection(ExtensibilityGlobals) = postSolution
		SolutionGuid = {608EFEC5-FCC6-4782-BB5D-AF15EA957F7A}
	EndGlobalSection
EndGlobal
